# This file is automatically @generated by Cargo.
# It is not intended for manual editing.
version = 4

[[package]]
name = "vault-audit"
version = "0.1.0"

[[package]]
name = "vault-core"
version = "0.1.0"
dependencies = [
 "vault-audit",
 "vault-crypto",
 "vault-p2p",
 "vault-stego",
 "vault-vault",
]

[[package]]
name = "vault-crypto"
version = "0.1.0"

[[package]]
name = "vault-p2p"
version = "0.1.0"
dependencies = [
 "vault-audit",
 "vault-crypto",
]

[[package]]
name = "vault-stego"
version = "0.1.0"
dependencies = [
 "vault-crypto",
]

[[package]]
name = "vault-vault"
version = "0.1.0"
dependencies = [
 "vault-audit",
 "vault-crypto",
]
